
Microsoft Visual Studio Solution File, Format Version 12.00
# Visual Studio Version 17
VisualStudioVersion = 17.7.34031.279
MinimumVisualStudioVersion = 10.0.40219.1
Project("{FAE04EC0-301F-11D3-BF4B-00C04F79EFBC}") = "ConsoleApp18", "ConsoleApp18\ConsoleApp18.csproj", "{7B6D588D-0693-41E0-A149-C1921057F1F5}"
EndProject
Global
	GlobalSection(SolutionConfigurationPlatforms) = preSolution
		Debug|Any CPU = Debug|Any CPU
		Release|Any CPU = Release|Any CPU
	EndGlobalSection
	GlobalSection(ProjectConfigurationPlatforms) = postSolution
		{7B6D588D-0693-41E0-A149-C1921057F1F5}.Debug|Any CPU.ActiveCfg = Debug|Any CPU
		{7B6D588D-0693-41E0-A149-C1921057F1F5}.Debug|Any CPU.Build.0 = Debug|Any CPU
		{7B6D588D-0693-41E0-A149-C1921057F1F5}.Release|Any CPU.ActiveCfg = Release|Any CPU
		{7B6D588D-0693-41E0-A149-C1921057F1F5}.Release|Any CPU.Build.0 = Release|Any CPU
	EndGlobalSection
	GlobalSection(SolutionProperties) = preSolution
		HideSolutionNode = FALSE
	EndGlobalSection
	GlobalSection(ExtensibilityGlobals) = postSolution
		SolutionGuid = {F05C0807-6DFB-43F3-AC0C-8FED25166842}
	EndGlobalSection
EndGlobal
